
Microsoft Visual Studio Solution File, Format Version 12.00
# Visual Studio 15
VisualStudioVersion = 15.0.27130.2027
MinimumVisualStudioVersion = 10.0.40219.1
Project("{8BC9CEB8-8B4A-11D0-8D11-00A0C91BC942}") = "Vector3D", "Vector3D\Vector3D.vcxproj", "{7AB1110F-31C1-4D19-9AF8-0D569B6BE7AF}"
EndProject
Project("{8BC9CEB8-8B4A-11D0-8D11-00A0C91BC942}") = "Vector3DTest", "Vector3DTest\Vector3DTest.vcxproj", "{C72092AB-DBF5-4CD8-B98A-D46DC78460DE}"
EndProject
Project("{8BC9CEB8-8B4A-11D0-8D11-00A0C91BC942}") = "MyString", "MyString\MyString.vcxproj", "{11FED778-3D15-4EDD-BACB-8A2E026A8076}"
EndProject
Global
	GlobalSection(SolutionConfigurationPlatforms) = preSolution
		Debug|x64 = Debug|x64
		Debug|x86 = Debug|x86
		Release|x64 = Release|x64
		Release|x86 = Release|x86
	EndGlobalSection
	GlobalSection(ProjectConfigurationPlatforms) = postSolution
		{7AB1110F-31C1-4D19-9AF8-0D569B6BE7AF}.Debug|x64.ActiveCfg = Debug|x64
		{7AB1110F-31C1-4D19-9AF8-0D569B6BE7AF}.Debug|x64.Build.0 = Debug|x64
		{7AB1110F-31C1-4D19-9AF8-0D569B6BE7AF}.Debug|x86.ActiveCfg = Debug|Win32
		{7AB1110F-31C1-4D19-9AF8-0D569B6BE7AF}.Debug|x86.Build.0 = Debug|Win32
		{7AB1110F-31C1-4D19-9AF8-0D569B6BE7AF}.Release|x64.ActiveCfg = Release|x64
		{7AB1110F-31C1-4D19-9AF8-0D569B6BE7AF}.Release|x64.Build.0 = Release|x64
		{7AB1110F-31C1-4D19-9AF8-0D569B6BE7AF}.Release|x86.ActiveCfg = Release|Win32
		{7AB1110F-31C1-4D19-9AF8-0D569B6BE7AF}.Release|x86.Build.0 = Release|Win32
		{C72092AB-DBF5-4CD8-B98A-D46DC78460DE}.Debug|x64.ActiveCfg = Debug|x64
		{C72092AB-DBF5-4CD8-B98A-D46DC78460DE}.Debug|x64.Build.0 = Debug|x64
		{C72092AB-DBF5-4CD8-B98A-D46DC78460DE}.Debug|x86.ActiveCfg = Debug|Win32
		{C72092AB-DBF5-4CD8-B98A-D46DC78460DE}.Debug|x86.Build.0 = Debug|Win32
		{C72092AB-DBF5-4CD8-B98A-D46DC78460DE}.Release|x64.ActiveCfg = Release|x64
		{C72092AB-DBF5-4CD8-B98A-D46DC78460DE}.Release|x64.Build.0 = Release|x64
		{C72092AB-DBF5-4CD8-B98A-D46DC78460DE}.Release|x86.ActiveCfg = Release|Win32
		{C72092AB-DBF5-4CD8-B98A-D46DC78460DE}.Release|x86.Build.0 = Release|Win32
		{11FED778-3D15-4EDD-BACB-8A2E026A8076}.Debug|x64.ActiveCfg = Debug|x64
		{11FED778-3D15-4EDD-BACB-8A2E026A8076}.Debug|x64.Build.0 = Debug|x64
		{11FED778-3D15-4EDD-BACB-8A2E026A8076}.Debug|x86.ActiveCfg = Debug|Win32
		{11FED778-3D15-4EDD-BACB-8A2E026A8076}.Debug|x86.Build.0 = Debug|Win32
		{11FED778-3D15-4EDD-BACB-8A2E026A8076}.Release|x64.ActiveCfg = Release|x64
		{11FED778-3D15-4EDD-BACB-8A2E026A8076}.Release|x64.Build.0 = Release|x64
		{11FED778-3D15-4EDD-BACB-8A2E026A8076}.Release|x86.ActiveCfg = Release|Win32
		{11FED778-3D15-4EDD-BACB-8A2E026A8076}.Release|x86.Build.0 = Release|Win32
	EndGlobalSection
	GlobalSection(SolutionProperties) = preSolution
		HideSolutionNode = FALSE
	EndGlobalSection
	GlobalSection(ExtensibilityGlobals) = postSolution
		SolutionGuid = {65AED65C-4E72-45C8-8BBC-5431F6BEE136}
	EndGlobalSection
EndGlobal
